<?xml version="1.0"?>
<Project ToolsVersion="4.0" xmlns="http://schemas.microsoft.com/developer/msbuild/2003">
	<ItemGroup>
		<ClCompile Include="src\ofApp.cpp">
			<Filter>src</Filter>
		</ClCompile>
		<ClCompile Include="src\main.cpp">
			<Filter>src</Filter>
		</ClCompile>
		<ClCompile Include="..\..\..\addons\ofxGui\src\ofxBaseGui.cpp">
			<Filter>addons\ofxGui\src</Filter>
		</ClCompile>
		<ClCompile Include="..\..\..\addons\ofxGui\src\ofxButton.cpp">
			<Filter>addons\ofxGui\src</Filter>
		</ClCompile>
		<ClCompile Include="..\..\..\addons\ofxGui\src\ofxColorPicker.cpp">
			<Filter>addons\ofxGui\src</Filter>
		</ClCompile>
		<ClCompile Include="..\..\..\addons\ofxGui\src\ofxGuiGroup.cpp">
			<Filter>addons\ofxGui\src</Filter>
		</ClCompile>
		<ClCompile Include="..\..\..\addons\ofxGui\src\ofxInputField.cpp">
			<Filter>addons\ofxGui\src</Filter>
		</ClCompile>
		<ClCompile Include="..\..\..\addons\ofxGui\src\ofxLabel.cpp">
			<Filter>addons\ofxGui\src</Filter>
		</ClCompile>
		<ClCompile Include="..\..\..\addons\ofxGui\src\ofxPanel.cpp">
			<Filter>addons\ofxGui\src</Filter>
		</ClCompile>
		<ClCompile Include="..\..\..\addons\ofxGui\src\ofxSlider.cpp">
			<Filter>addons\ofxGui\src</Filter>
		</ClCompile>
		<ClCompile Include="..\..\..\addons\ofxGui\src\ofxSliderGroup.cpp">
			<Filter>addons\ofxGui\src</Filter>
		</ClCompile>
		<ClCompile Include="..\..\..\addons\ofxGui\src\ofxToggle.cpp">
			<Filter>addons\ofxGui\src</Filter>
		</ClCompile>
		<ClCompile Include="..\..\..\addons\ofxNDI\src\ofxNDIdynloader.cpp">
			<Filter>addons\ofxNDI\src</Filter>
		</ClCompile>
		<ClCompile Include="..\..\..\addons\ofxNDI\src\ofxNDIreceive.cpp">
			<Filter>addons\ofxNDI\src</Filter>
		</ClCompile>
		<ClCompile Include="..\..\..\addons\ofxNDI\src\ofxNDIreceiver.cpp">
			<Filter>addons\ofxNDI\src</Filter>
		</ClCompile>
		<ClCompile Include="..\..\..\addons\ofxNDI\src\ofxNDIsend.cpp">
			<Filter>addons\ofxNDI\src</Filter>
		</ClCompile>
		<ClCompile Include="..\..\..\addons\ofxNDI\src\ofxNDIsender.cpp">
			<Filter>addons\ofxNDI\src</Filter>
		</ClCompile>
		<ClCompile Include="..\..\..\addons\ofxNDI\src\ofxNDIutils.cpp">
			<Filter>addons\ofxNDI\src</Filter>
		</ClCompile>
		<ClCompile Include="..\..\..\addons\ofxOsc\src\ofxOscBundle.cpp">
			<Filter>addons\ofxOsc\src</Filter>
		</ClCompile>
		<ClCompile Include="..\..\..\addons\ofxOsc\src\ofxOscMessage.cpp">
			<Filter>addons\ofxOsc\src</Filter>
		</ClCompile>
		<ClCompile Include="..\..\..\addons\ofxOsc\src\ofxOscParameterSync.cpp">
			<Filter>addons\ofxOsc\src</Filter>
		</ClCompile>
		<ClCompile Include="..\..\..\addons\ofxOsc\src\ofxOscReceiver.cpp">
			<Filter>addons\ofxOsc\src</Filter>
		</ClCompile>
		<ClCompile Include="..\..\..\addons\ofxOsc\src\ofxOscSender.cpp">
			<Filter>addons\ofxOsc\src</Filter>
		</ClCompile>
		<ClCompile Include="..\..\..\addons\ofxOsc\libs\oscpack\src\ip\IpEndpointName.cpp">
			<Filter>addons\ofxOsc\libs\oscpack\src\ip</Filter>
		</ClCompile>
		<ClCompile Include="..\..\..\addons\ofxOsc\libs\oscpack\src\ip\win32\NetworkingUtils.cpp">
			<Filter>addons\ofxOsc\libs\oscpack\src\ip\win32</Filter>
		</ClCompile>
		<ClCompile Include="..\..\..\addons\ofxOsc\libs\oscpack\src\ip\win32\UdpSocket.cpp">
			<Filter>addons\ofxOsc\libs\oscpack\src\ip\win32</Filter>
		</ClCompile>
		<ClCompile Include="..\..\..\addons\ofxOsc\libs\oscpack\src\osc\OscOutboundPacketStream.cpp">
			<Filter>addons\ofxOsc\libs\oscpack\src\osc</Filter>
		</ClCompile>
		<ClCompile Include="..\..\..\addons\ofxOsc\libs\oscpack\src\osc\OscPrintReceivedElements.cpp">
			<Filter>addons\ofxOsc\libs\oscpack\src\osc</Filter>
		</ClCompile>
		<ClCompile Include="..\..\..\addons\ofxOsc\libs\oscpack\src\osc\OscReceivedElements.cpp">
			<Filter>addons\ofxOsc\libs\oscpack\src\osc</Filter>
		</ClCompile>
		<ClCompile Include="..\..\..\addons\ofxOsc\libs\oscpack\src\osc\OscTypes.cpp">
			<Filter>addons\ofxOsc\libs\oscpack\src\osc</Filter>
		</ClCompile>
		<ClCompile Include="..\..\..\addons\ofxXmlSettings\src\ofxXmlSettings.cpp">
			<Filter>addons\ofxXmlSettings\src</Filter>
		</ClCompile>
		<ClCompile Include="..\..\..\addons\ofxXmlSettings\libs\tinyxml.cpp">
			<Filter>addons\ofxXmlSettings\libs</Filter>
		</ClCompile>
		<ClCompile Include="..\..\..\addons\ofxXmlSettings\libs\tinyxmlerror.cpp">
			<Filter>addons\ofxXmlSettings\libs</Filter>
		</ClCompile>
		<ClCompile Include="..\..\..\addons\ofxXmlSettings\libs\tinyxmlparser.cpp">
			<Filter>addons\ofxXmlSettings\libs</Filter>
		</ClCompile>
	</ItemGroup>
	<ItemGroup>
		<Filter Include="src">
			<UniqueIdentifier>{d8376475-7454-4a24-b08a-aac121d3ad6f}</UniqueIdentifier>
		</Filter>
		<Filter Include="addons">
			<UniqueIdentifier>{3099AF78--848-6-41-FC-B-220-6E6B49827C4A}</UniqueIdentifier>
		</Filter>
		<Filter Include="addons\ofxGui">
			<UniqueIdentifier>{D3D835CE--E7F-6-47-EE-A-864-209778682A10}</UniqueIdentifier>
		</Filter>
		<Filter Include="addons\ofxGui\src">
			<UniqueIdentifier>{2C1854C0--F40-8-4B-FD-B-42D-9E52360BA7BD}</UniqueIdentifier>
		</Filter>
		<Filter Include="addons\ofxNDI">
			<UniqueIdentifier>{354BBE34--FBF-0-49-D2-8-E54-77A95A1AD050}</UniqueIdentifier>
		</Filter>
		<Filter Include="addons\ofxNDI\src">
			<UniqueIdentifier>{5542D0EB--304-D-4C-40-A-B1E-167F210B8505}</UniqueIdentifier>
		</Filter>
		<Filter Include="addons\ofxNDI\libs">
			<UniqueIdentifier>{EF2AEF7E--524-F-43-10-A-9F1-341094003861}</UniqueIdentifier>
		</Filter>
		<Filter Include="addons\ofxNDI\libs\NDI">
			<UniqueIdentifier>{786CC9FD--29D-9-49-E7-B-130-6FDCF50D2123}</UniqueIdentifier>
		</Filter>
		<Filter Include="addons\ofxNDI\libs\NDI\include">
			<UniqueIdentifier>{5F9E3661--D80-4-45-A5-B-A4A-F25C99DF215B}</UniqueIdentifier>
		</Filter>
		<Filter Include="addons\ofxOsc">
			<UniqueIdentifier>{249EC4F6--F21-1-42-42-9-5B9-547A9BC51BE0}</UniqueIdentifier>
		</Filter>
		<Filter Include="addons\ofxOsc\src">
			<UniqueIdentifier>{B6E54B2F--EF8-D-43-BA-B-8E3-80264C82E037}</UniqueIdentifier>
		</Filter>
		<Filter Include="addons\ofxOsc\libs">
			<UniqueIdentifier>{22A6CECF--C7C-8-42-18-B-8A8-6285E002B985}</UniqueIdentifier>
		</Filter>
		<Filter Include="addons\ofxOsc\libs\oscpack">
			<UniqueIdentifier>{B9D9B151--7C7-7-4A-40-B-947-20A312491099}</UniqueIdentifier>
		</Filter>
		<Filter Include="addons\ofxOsc\libs\oscpack\src">
			<UniqueIdentifier>{EE61B027--3D4-4-4F-EE-8-9B3-FA57E5C8EDC8}</UniqueIdentifier>
		</Filter>
		<Filter Include="addons\ofxOsc\libs\oscpack\src\ip">
			<UniqueIdentifier>{B7EFD503--B9E-4-47-E1-B-65D-ED1D13720F47}</UniqueIdentifier>
		</Filter>
		<Filter Include="addons\ofxOsc\libs\oscpack\src\ip\win32">
			<UniqueIdentifier>{FD1FA99C--949-3-46-8A-9-404-3764F545B7A3}</UniqueIdentifier>
		</Filter>
		<Filter Include="addons\ofxOsc\libs\oscpack\src\osc">
			<UniqueIdentifier>{9726BC38--3B2-B-42-53-B-BC5-EAA7E99BBF81}</UniqueIdentifier>
		</Filter>
		<Filter Include="addons\ofxXmlSettings">
			<UniqueIdentifier>{BCD50289--000-7-41-BE-A-C15-115E75230CEB}</UniqueIdentifier>
		</Filter>
		<Filter Include="addons\ofxXmlSettings\src">
			<UniqueIdentifier>{3A18BF30--4EC-1-4F-C2-B-28A-083DCB6E4BF2}</UniqueIdentifier>
		</Filter>
		<Filter Include="addons\ofxXmlSettings\libs">
			<UniqueIdentifier>{453C63FB--8F0-3-4B-5E-9-66E-FA45C4CB8DEE}</UniqueIdentifier>
		</Filter>
	</ItemGroup>
	<ItemGroup>
		<ClInclude Include="src\ofApp.h">
			<Filter>src</Filter>
		</ClInclude>
		<ClInclude Include="..\..\..\addons\ofxGui\src\ofxBaseGui.h">
			<Filter>addons\ofxGui\src</Filter>
		</ClInclude>
		<ClInclude Include="..\..\..\addons\ofxGui\src\ofxButton.h">
			<Filter>addons\ofxGui\src</Filter>
		</ClInclude>
		<ClInclude Include="..\..\..\addons\ofxGui\src\ofxColorPicker.h">
			<Filter>addons\ofxGui\src</Filter>
		</ClInclude>
		<ClInclude Include="..\..\..\addons\ofxGui\src\ofxGui.h">
			<Filter>addons\ofxGui\src</Filter>
		</ClInclude>
		<ClInclude Include="..\..\..\addons\ofxGui\src\ofxGuiGroup.h">
			<Filter>addons\ofxGui\src</Filter>
		</ClInclude>
		<ClInclude Include="..\..\..\addons\ofxGui\src\ofxGuiUtils.h">
			<Filter>addons\ofxGui\src</Filter>
		</ClInclude>
		<ClInclude Include="..\..\..\addons\ofxGui\src\ofxInputField.h">
			<Filter>addons\ofxGui\src</Filter>
		</ClInclude>
		<ClInclude Include="..\..\..\addons\ofxGui\src\ofxLabel.h">
			<Filter>addons\ofxGui\src</Filter>
		</ClInclude>
		<ClInclude Include="..\..\..\addons\ofxGui\src\ofxPanel.h">
			<Filter>addons\ofxGui\src</Filter>
		</ClInclude>
		<ClInclude Include="..\..\..\addons\ofxGui\src\ofxSlider.h">
			<Filter>addons\ofxGui\src</Filter>
		</ClInclude>
		<ClInclude Include="..\..\..\addons\ofxGui\src\ofxSliderGroup.h">
			<Filter>addons\ofxGui\src</Filter>
		</ClInclude>
		<ClInclude Include="..\..\..\addons\ofxGui\src\ofxToggle.h">
			<Filter>addons\ofxGui\src</Filter>
		</ClInclude>
		<ClInclude Include="..\..\..\addons\ofxNDI\src\ofxNDI.h">
			<Filter>addons\ofxNDI\src</Filter>
		</ClInclude>
		<ClInclude Include="..\..\..\addons\ofxNDI\src\ofxNDIdynloader.h">
			<Filter>addons\ofxNDI\src</Filter>
		</ClInclude>
		<ClInclude Include="..\..\..\addons\ofxNDI\src\ofxNDIplatforms.h">
			<Filter>addons\ofxNDI\src</Filter>
		</ClInclude>
		<ClInclude Include="..\..\..\addons\ofxNDI\src\ofxNDIreceive.h">
			<Filter>addons\ofxNDI\src</Filter>
		</ClInclude>
		<ClInclude Include="..\..\..\addons\ofxNDI\src\ofxNDIreceiver.h">
			<Filter>addons\ofxNDI\src</Filter>
		</ClInclude>
		<ClInclude Include="..\..\..\addons\ofxNDI\src\ofxNDIsend.h">
			<Filter>addons\ofxNDI\src</Filter>
		</ClInclude>
		<ClInclude Include="..\..\..\addons\ofxNDI\src\ofxNDIsender.h">
			<Filter>addons\ofxNDI\src</Filter>
		</ClInclude>
		<ClInclude Include="..\..\..\addons\ofxNDI\src\ofxNDIutils.h">
			<Filter>addons\ofxNDI\src</Filter>
		</ClInclude>
		<ClInclude Include="..\..\..\addons\ofxNDI\src\sse2neon.h">
			<Filter>addons\ofxNDI\src</Filter>
		</ClInclude>
		<ClInclude Include="..\..\..\addons\ofxNDI\libs\NDI\include\Processing.NDI.compat.h">
			<Filter>addons\ofxNDI\libs\NDI\include</Filter>
		</ClInclude>
		<ClInclude Include="..\..\..\addons\ofxNDI\libs\NDI\include\Processing.NDI.deprecated.h">
			<Filter>addons\ofxNDI\libs\NDI\include</Filter>
		</ClInclude>
		<ClInclude Include="..\..\..\addons\ofxNDI\libs\NDI\include\Processing.NDI.DynamicLoad.h">
			<Filter>addons\ofxNDI\libs\NDI\include</Filter>
		</ClInclude>
		<ClInclude Include="..\..\..\addons\ofxNDI\libs\NDI\include\Processing.NDI.Find.h">
			<Filter>addons\ofxNDI\libs\NDI\include</Filter>
		</ClInclude>
		<ClInclude Include="..\..\..\addons\ofxNDI\libs\NDI\include\Processing.NDI.FrameSync.h">
			<Filter>addons\ofxNDI\libs\NDI\include</Filter>
		</ClInclude>
		<ClInclude Include="..\..\..\addons\ofxNDI\libs\NDI\include\Processing.NDI.Lib.cplusplus.h">
			<Filter>addons\ofxNDI\libs\NDI\include</Filter>
		</ClInclude>
		<ClInclude Include="..\..\..\addons\ofxNDI\libs\NDI\include\Processing.NDI.Lib.h">
			<Filter>addons\ofxNDI\libs\NDI\include</Filter>
		</ClInclude>
		<ClInclude Include="..\..\..\addons\ofxNDI\libs\NDI\include\Processing.NDI.Recv.ex.h">
			<Filter>addons\ofxNDI\libs\NDI\include</Filter>
		</ClInclude>
		<ClInclude Include="..\..\..\addons\ofxNDI\libs\NDI\include\Processing.NDI.Recv.h">
			<Filter>addons\ofxNDI\libs\NDI\include</Filter>
		</ClInclude>
		<ClInclude Include="..\..\..\addons\ofxNDI\libs\NDI\include\Processing.NDI.RecvAdvertiser.h">
			<Filter>addons\ofxNDI\libs\NDI\include</Filter>
		</ClInclude>
		<ClInclude Include="..\..\..\addons\ofxNDI\libs\NDI\include\Processing.NDI.RecvListener.h">
			<Filter>addons\ofxNDI\libs\NDI\include</Filter>
		</ClInclude>
		<ClInclude Include="..\..\..\addons\ofxNDI\libs\NDI\include\Processing.NDI.Routing.h">
			<Filter>addons\ofxNDI\libs\NDI\include</Filter>
		</ClInclude>
		<ClInclude Include="..\..\..\addons\ofxNDI\libs\NDI\include\Processing.NDI.Send.h">
			<Filter>addons\ofxNDI\libs\NDI\include</Filter>
		</ClInclude>
		<ClInclude Include="..\..\..\addons\ofxNDI\libs\NDI\include\Processing.NDI.structs.h">
			<Filter>addons\ofxNDI\libs\NDI\include</Filter>
		</ClInclude>
		<ClInclude Include="..\..\..\addons\ofxNDI\libs\NDI\include\Processing.NDI.utilities.h">
			<Filter>addons\ofxNDI\libs\NDI\include</Filter>
		</ClInclude>
		<ClInclude Include="..\..\..\addons\ofxOsc\src\ofxOsc.h">
			<Filter>addons\ofxOsc\src</Filter>
		</ClInclude>
		<ClInclude Include="..\..\..\addons\ofxOsc\src\ofxOscArg.h">
			<Filter>addons\ofxOsc\src</Filter>
		</ClInclude>
		<ClInclude Include="..\..\..\addons\ofxOsc\src\ofxOscBundle.h">
			<Filter>addons\ofxOsc\src</Filter>
		</ClInclude>
		<ClInclude Include="..\..\..\addons\ofxOsc\src\ofxOscMessage.h">
			<Filter>addons\ofxOsc\src</Filter>
		</ClInclude>
		<ClInclude Include="..\..\..\addons\ofxOsc\src\ofxOscParameterSync.h">
			<Filter>addons\ofxOsc\src</Filter>
		</ClInclude>
		<ClInclude Include="..\..\..\addons\ofxOsc\src\ofxOscReceiver.h">
			<Filter>addons\ofxOsc\src</Filter>
		</ClInclude>
		<ClInclude Include="..\..\..\addons\ofxOsc\src\ofxOscSender.h">
			<Filter>addons\ofxOsc\src</Filter>
		</ClInclude>
		<ClInclude Include="..\..\..\addons\ofxOsc\libs\oscpack\src\ip\IpEndpointName.h">
			<Filter>addons\ofxOsc\libs\oscpack\src\ip</Filter>
		</ClInclude>
		<ClInclude Include="..\..\..\addons\ofxOsc\libs\oscpack\src\ip\NetworkingUtils.h">
			<Filter>addons\ofxOsc\libs\oscpack\src\ip</Filter>
		</ClInclude>
		<ClInclude Include="..\..\..\addons\ofxOsc\libs\oscpack\src\ip\PacketListener.h">
			<Filter>addons\ofxOsc\libs\oscpack\src\ip</Filter>
		</ClInclude>
		<ClInclude Include="..\..\..\addons\ofxOsc\libs\oscpack\src\ip\TimerListener.h">
			<Filter>addons\ofxOsc\libs\oscpack\src\ip</Filter>
		</ClInclude>
		<ClInclude Include="..\..\..\addons\ofxOsc\libs\oscpack\src\ip\UdpSocket.h">
			<Filter>addons\ofxOsc\libs\oscpack\src\ip</Filter>
		</ClInclude>
		<ClInclude Include="..\..\..\addons\ofxOsc\libs\oscpack\src\osc\MessageMappingOscPacketListener.h">
			<Filter>addons\ofxOsc\libs\oscpack\src\osc</Filter>
		</ClInclude>
		<ClInclude Include="..\..\..\addons\ofxOsc\libs\oscpack\src\osc\OscException.h">
			<Filter>addons\ofxOsc\libs\oscpack\src\osc</Filter>
		</ClInclude>
		<ClInclude Include="..\..\..\addons\ofxOsc\libs\oscpack\src\osc\OscHostEndianness.h">
			<Filter>addons\ofxOsc\libs\oscpack\src\osc</Filter>
		</ClInclude>
		<ClInclude Include="..\..\..\addons\ofxOsc\libs\oscpack\src\osc\OscOutboundPacketStream.h">
			<Filter>addons\ofxOsc\libs\oscpack\src\osc</Filter>
		</ClInclude>
		<ClInclude Include="..\..\..\addons\ofxOsc\libs\oscpack\src\osc\OscPacketListener.h">
			<Filter>addons\ofxOsc\libs\oscpack\src\osc</Filter>
		</ClInclude>
		<ClInclude Include="..\..\..\addons\ofxOsc\libs\oscpack\src\osc\OscPrintReceivedElements.h">
			<Filter>addons\ofxOsc\libs\oscpack\src\osc</Filter>
		</ClInclude>
		<ClInclude Include="..\..\..\addons\ofxOsc\libs\oscpack\src\osc\OscReceivedElements.h">
			<Filter>addons\ofxOsc\libs\oscpack\src\osc</Filter>
		</ClInclude>
		<ClInclude Include="..\..\..\addons\ofxOsc\libs\oscpack\src\osc\OscTypes.h">
			<Filter>addons\ofxOsc\libs\oscpack\src\osc</Filter>
		</ClInclude>
		<ClInclude Include="..\..\..\addons\ofxXmlSettings\src\ofxXmlSettings.h">
			<Filter>addons\ofxXmlSettings\src</Filter>
		</ClInclude>
		<ClInclude Include="..\..\..\addons\ofxXmlSettings\libs\tinyxml.h">
			<Filter>addons\ofxXmlSettings\libs</Filter>
		</ClInclude>
	</ItemGroup>
	<ItemGroup>
		<ResourceCompile Include="icon.rc" />
	</ItemGroup>
</Project>
